
Microsoft Visual Studio Solution File, Format Version 12.00
# Visual Studio Version 17
VisualStudioVersion = 17.9.34616.47
MinimumVisualStudioVersion = 10.0.40219.1
Project("{FAE04EC0-301F-11D3-BF4B-00C04F79EFBC}") = "DebbyDelport_ST10255401_ProgPoe_Part1", "DebbyDelport_ST10255401_ProgPoe_Part1.csproj", "{F905E9BE-F6EA-41D1-9D0F-17B358B2676B}"
EndProject
Global
	GlobalSection(SolutionConfigurationPlatforms) = preSolution
		Debug|Any CPU = Debug|Any CPU
		Release|Any CPU = Release|Any CPU
	EndGlobalSection
	GlobalSection(ProjectConfigurationPlatforms) = postSolution
		{F905E9BE-F6EA-41D1-9D0F-17B358B2676B}.Debug|Any CPU.ActiveCfg = Debug|Any CPU
		{F905E9BE-F6EA-41D1-9D0F-17B358B2676B}.Debug|Any CPU.Build.0 = Debug|Any CPU
		{F905E9BE-F6EA-41D1-9D0F-17B358B2676B}.Release|Any CPU.ActiveCfg = Release|Any CPU
		{F905E9BE-F6EA-41D1-9D0F-17B358B2676B}.Release|Any CPU.Build.0 = Release|Any CPU
	EndGlobalSection
	GlobalSection(SolutionProperties) = preSolution
		HideSolutionNode = FALSE
	EndGlobalSection
	GlobalSection(ExtensibilityGlobals) = postSolution
		SolutionGuid = {05B69435-FFB6-4CAF-A592-D92326B8BAFC}
	EndGlobalSection
EndGlobal
